{
  "version": 4,
  "terraform_version": "0.12.24",
  "serial": 4,
  "lineage": "b57d5804-28bf-7575-9bab-5bae17a0df08",
  "outputs": {},
  "resources": [
    {
      "mode": "data",
      "type": "azurerm_client_config",
      "name": "current",
      "provider": "provider.azurerm",
      "instances": [
        {
          "schema_version": 0,
          "attributes": {
            "client_id": "3fb3ae8e-1709-405d-986c-ac495ffc1e56",
            "id": "2020-04-22 18:57:06.2965304 +0000 UTC",
            "object_id": "3574fdf8-404a-4d3f-8950-6284e42ca0dd",
            "subscription_id": "98d18bb7-62b4-4fb6-b35b-9416f12eb2cc",
            "tenant_id": "e3cdf723-87e2-4fa7-9ad9-0eb6711219e2",
            "timeouts": null
          }
        }
      ]
    },
    {
      "mode": "managed",
      "type": "azurerm_key_vault",
      "name": "GCDocs_KeyVault",
      "provider": "provider.azurerm",
      "instances": [
        {
          "schema_version": 1,
          "attributes": {
            "access_policy": [
              {
                "application_id": "",
                "certificate_permissions": null,
                "key_permissions": [
                  "get"
                ],
                "object_id": "3574fdf8-404a-4d3f-8950-6284e42ca0dd",
                "secret_permissions": [
                  "get",
                  "set",
                  "delete",
                  "purge"
                ],
                "storage_permissions": [
                  "get"
                ],
                "tenant_id": "e3cdf723-87e2-4fa7-9ad9-0eb6711219e2"
              }
            ],
            "enabled_for_deployment": true,
            "enabled_for_disk_encryption": true,
            "enabled_for_template_deployment": false,
            "id": "/subscriptions/98d18bb7-62b4-4fb6-b35b-9416f12eb2cc/resourceGroups/GCDOCS-rg/providers/Microsoft.KeyVault/vaults/GCDocs-Master-KeyVault",
            "location": "eastus",
            "name": "GCDocs-Master-KeyVault",
            "network_acls": [
              {
                "bypass": "AzureServices",
                "default_action": "Allow",
                "ip_rules": null,
                "virtual_network_subnet_ids": null
              }
            ],
            "purge_protection_enabled": false,
            "resource_group_name": "GCDOCS-rg",
            "sku_name": "standard",
            "soft_delete_enabled": false,
            "tags": {
              "environment": "Testing"
            },
            "tenant_id": "e3cdf723-87e2-4fa7-9ad9-0eb6711219e2",
            "timeouts": null,
            "vault_uri": "https://gcdocs-master-keyvault.vault.azure.net/"
          },
          "private": "eyJlMmJmYjczMC1lY2FhLTExZTYtOGY4OC0zNDM2M2JjN2M0YzAiOnsiY3JlYXRlIjoxODAwMDAwMDAwMDAwLCJkZWxldGUiOjE4MDAwMDAwMDAwMDAsInJlYWQiOjMwMDAwMDAwMDAwMCwidXBkYXRlIjoxODAwMDAwMDAwMDAwfSwic2NoZW1hX3ZlcnNpb24iOiIxIn0=",
          "dependencies": [
            "azurerm_resource_group.GCDOCS"
          ]
        }
      ]
    },
    {
      "mode": "managed",
      "type": "azurerm_resource_group",
      "name": "GCDOCS",
      "provider": "provider.azurerm",
      "instances": [
        {
          "schema_version": 0,
          "attributes": {
            "id": "/subscriptions/98d18bb7-62b4-4fb6-b35b-9416f12eb2cc/resourceGroups/GCDOCS-rg",
            "location": "eastus",
            "name": "GCDOCS-rg",
            "tags": null,
            "timeouts": null
          },
          "private": "eyJlMmJmYjczMC1lY2FhLTExZTYtOGY4OC0zNDM2M2JjN2M0YzAiOnsiY3JlYXRlIjo1NDAwMDAwMDAwMDAwLCJkZWxldGUiOjU0MDAwMDAwMDAwMDAsInJlYWQiOjMwMDAwMDAwMDAwMCwidXBkYXRlIjo1NDAwMDAwMDAwMDAwfX0="
        }
      ]
    },
    {
      "mode": "managed",
      "type": "azurerm_virtual_network",
      "name": "GCDOCS-vnet",
      "provider": "provider.azurerm",
      "instances": [
        {
          "schema_version": 0,
          "attributes": {
            "address_space": [
              "10.0.0.0/16"
            ],
            "ddos_protection_plan": [],
            "dns_servers": null,
            "guid": "eff3f803-21a0-4681-aa4e-4f3036ddbcef",
            "id": "/subscriptions/98d18bb7-62b4-4fb6-b35b-9416f12eb2cc/resourceGroups/GCDOCS-rg/providers/Microsoft.Network/virtualNetworks/GCDOCS-vnet",
            "location": "eastus",
            "name": "GCDOCS-vnet",
            "resource_group_name": "GCDOCS-rg",
            "subnet": [],
            "tags": null,
            "timeouts": null
          },
          "private": "eyJlMmJmYjczMC1lY2FhLTExZTYtOGY4OC0zNDM2M2JjN2M0YzAiOnsiY3JlYXRlIjoxODAwMDAwMDAwMDAwLCJkZWxldGUiOjE4MDAwMDAwMDAwMDAsInJlYWQiOjMwMDAwMDAwMDAwMCwidXBkYXRlIjoxODAwMDAwMDAwMDAwfX0=",
          "dependencies": [
            "azurerm_resource_group.GCDOCS"
          ]
        }
      ]
    }
  ]
}
